
Microsoft Visual Studio Solution File, Format Version 12.00
# Visual Studio Version 17
VisualStudioVersion = 17.8.34330.188
MinimumVisualStudioVersion = 10.0.40219.1
Project("{FAE04EC0-301F-11D3-BF4B-00C04F79EFBC}") = "GoldDiggers", "GoldDiggers\GoldDiggers.csproj", "{94F8EC58-928D-41CB-AE81-EAFAD737BE78}"
EndProject
Global
	GlobalSection(SolutionConfigurationPlatforms) = preSolution
		Debug|Any CPU = Debug|Any CPU
		Release|Any CPU = Release|Any CPU
	EndGlobalSection
	GlobalSection(ProjectConfigurationPlatforms) = postSolution
		{94F8EC58-928D-41CB-AE81-EAFAD737BE78}.Debug|Any CPU.ActiveCfg = Debug|Any CPU
		{94F8EC58-928D-41CB-AE81-EAFAD737BE78}.Debug|Any CPU.Build.0 = Debug|Any CPU
		{94F8EC58-928D-41CB-AE81-EAFAD737BE78}.Release|Any CPU.ActiveCfg = Release|Any CPU
		{94F8EC58-928D-41CB-AE81-EAFAD737BE78}.Release|Any CPU.Build.0 = Release|Any CPU
	EndGlobalSection
	GlobalSection(SolutionProperties) = preSolution
		HideSolutionNode = FALSE
	EndGlobalSection
	GlobalSection(ExtensibilityGlobals) = postSolution
		SolutionGuid = {1D4442D4-2848-4A32-810E-023F00352767}
	EndGlobalSection
EndGlobal
